
Microsoft Visual Studio Solution File, Format Version 12.00
# Visual Studio Version 16
VisualStudioVersion = 16.0.30523.141
MinimumVisualStudioVersion = 10.0.40219.1
Project("{9A19103F-16F7-4668-BE54-9A1E7A4F7556}") = "HelloWorldCore", "HelloWorldCore\HelloWorldCore.csproj", "{EEA12A58-1E06-4030-B544-2CD233CE268D}"
EndProject
Project("{9A19103F-16F7-4668-BE54-9A1E7A4F7556}") = "HelloWorldTest", "HelloWorldTest\HelloWorldTest.csproj", "{637B1D84-87AE-4840-826D-9B9DDE4CCF47}"
EndProject
Global
	GlobalSection(SolutionConfigurationPlatforms) = preSolution
		Debug|Any CPU = Debug|Any CPU
		Release|Any CPU = Release|Any CPU
	EndGlobalSection
	GlobalSection(ProjectConfigurationPlatforms) = postSolution
		{EEA12A58-1E06-4030-B544-2CD233CE268D}.Debug|Any CPU.ActiveCfg = Debug|Any CPU
		{EEA12A58-1E06-4030-B544-2CD233CE268D}.Debug|Any CPU.Build.0 = Debug|Any CPU
		{EEA12A58-1E06-4030-B544-2CD233CE268D}.Release|Any CPU.ActiveCfg = Release|Any CPU
		{EEA12A58-1E06-4030-B544-2CD233CE268D}.Release|Any CPU.Build.0 = Release|Any CPU
		{637B1D84-87AE-4840-826D-9B9DDE4CCF47}.Debug|Any CPU.ActiveCfg = Debug|Any CPU
		{637B1D84-87AE-4840-826D-9B9DDE4CCF47}.Debug|Any CPU.Build.0 = Debug|Any CPU
		{637B1D84-87AE-4840-826D-9B9DDE4CCF47}.Release|Any CPU.ActiveCfg = Release|Any CPU
		{637B1D84-87AE-4840-826D-9B9DDE4CCF47}.Release|Any CPU.Build.0 = Release|Any CPU
	EndGlobalSection
	GlobalSection(SolutionProperties) = preSolution
		HideSolutionNode = FALSE
	EndGlobalSection
	GlobalSection(ExtensibilityGlobals) = postSolution
		SolutionGuid = {D2E86694-E214-4061-9880-516E7D5CE4B1}
	EndGlobalSection
EndGlobal
